
Microsoft Visual Studio Solution File, Format Version 12.00
# Visual Studio 15
Project("{FAE04EC0-301F-11D3-BF4B-00C04F79EFBC}") = "Test Playmind", "Assembly-CSharp.csproj", "{140F1443-6FC3-1A66-F55F-51B6AE6B4B14}"
EndProject
Global
	GlobalSection(SolutionConfigurationPlatforms) = preSolution
		Debug|Any CPU = Debug|Any CPU
		Release|Any CPU = Release|Any CPU
	EndGlobalSection
	GlobalSection(ProjectConfigurationPlatforms) = postSolution
		{140F1443-6FC3-1A66-F55F-51B6AE6B4B14}.Debug|Any CPU.ActiveCfg = Debug|Any CPU
		{140F1443-6FC3-1A66-F55F-51B6AE6B4B14}.Debug|Any CPU.Build.0 = Debug|Any CPU
		{140F1443-6FC3-1A66-F55F-51B6AE6B4B14}.Release|Any CPU.ActiveCfg = Release|Any CPU
		{140F1443-6FC3-1A66-F55F-51B6AE6B4B14}.Release|Any CPU.Build.0 = Release|Any CPU
	EndGlobalSection
	GlobalSection(SolutionProperties) = preSolution
		HideSolutionNode = FALSE
	EndGlobalSection
EndGlobal
